
Microsoft Visual Studio Solution File, Format Version 12.00
# Visual Studio Version 17
VisualStudioVersion = 17.3.32922.545
MinimumVisualStudioVersion = 10.0.40219.1
Project("{9A19103F-16F7-4668-BE54-9A1E7A4F7556}") = "Soft_Serve_Csharp", "Soft_Serve_Csharp\Soft_Serve_Csharp.csproj", "{A3666B86-A8C2-4328-B76F-B6C5FE554C8D}"
EndProject
Project("{9A19103F-16F7-4668-BE54-9A1E7A4F7556}") = "Home_Work_2_EnumStruct", "Home_Work_2_EnumStruct\Home_Work_2_EnumStruct.csproj", "{D036EB82-A725-422D-81C0-5EC4B76AF91D}"
EndProject
Project("{9A19103F-16F7-4668-BE54-9A1E7A4F7556}") = "02_Data_types", "Struct_Enum_02\02_Data_types.csproj", "{0A94D4A8-BC90-4684-AA6B-7AED11E28A63}"
EndProject
Project("{9A19103F-16F7-4668-BE54-9A1E7A4F7556}") = "03_operators", "03_operators\03_operators.csproj", "{9ECC5381-57B5-4314-97C2-B80DE5AEBF3C}"
EndProject
Project("{9A19103F-16F7-4668-BE54-9A1E7A4F7556}") = "05_Struct", "05_Struct\05_Struct.csproj", "{3C4A2301-859C-45E4-9E89-ED8FFD654E83}"
EndProject
Project("{9A19103F-16F7-4668-BE54-9A1E7A4F7556}") = "Home_Work_3", "Home_Work_3\Home_Work_3.csproj", "{8FED2233-4A1F-412F-A4FA-DD3BA59FB6AF}"
EndProject
Project("{9A19103F-16F7-4668-BE54-9A1E7A4F7556}") = "Home_Work_4", "Home_Work_4\Home_Work_4.csproj", "{1D4F3E8B-82AE-4D2D-B602-2084A5E9C7B7}"
EndProject
Project("{9A19103F-16F7-4668-BE54-9A1E7A4F7556}") = "06_Selection", "06_Cicle\06_Selection.csproj", "{AF8EC868-24AB-48B7-94A5-319F0FE19502}"
EndProject
Project("{9A19103F-16F7-4668-BE54-9A1E7A4F7556}") = "07_iteration(loops)", "07_iteration(loops)\07_iteration(loops).csproj", "{62F39E31-7D3C-4E32-988B-1E5D180917B5}"
EndProject
Project("{9A19103F-16F7-4668-BE54-9A1E7A4F7556}") = "08_arrays", "08_arrays\08_arrays.csproj", "{5A5683F6-C3BC-4A00-A54A-B20189B5E0B6}"
EndProject
Project("{9A19103F-16F7-4668-BE54-9A1E7A4F7556}") = "09_multi_dimentions", "09_multi_dimentions\09_multi_dimentions.csproj", "{02351C1A-6445-4080-8179-683628B41756}"
EndProject
Project("{9A19103F-16F7-4668-BE54-9A1E7A4F7556}") = "10_classes", "10_classes\10_classes.csproj", "{4ED90889-D649-4886-B592-32BFE9F862B8}"
EndProject
Project("{9A19103F-16F7-4668-BE54-9A1E7A4F7556}") = "Task4", "Task4\Task4.csproj", "{5E0185A5-7AC2-4F0C-8377-1A41F27C9DE3}"
EndProject
Project("{9A19103F-16F7-4668-BE54-9A1E7A4F7556}") = "Home_Work_5_1", "Home_Work_5\Home_Work_5_1.csproj", "{A914BCE6-63BC-4CF2-93B7-675DAE4D87B0}"
EndProject
Project("{9A19103F-16F7-4668-BE54-9A1E7A4F7556}") = "11_interface", "11_interface\11_interface.csproj", "{364DC248-AF63-47FC-AB29-6274896EE9B8}"
EndProject
Project("{9A19103F-16F7-4668-BE54-9A1E7A4F7556}") = "Task_5_1", "Task_5_1\Task_5_1.csproj", "{E772B528-8B61-4F96-8074-71AFBBBB97F6}"
EndProject
Project("{9A19103F-16F7-4668-BE54-9A1E7A4F7556}") = "12_system_interface", "12_system_interface\12_system_interface.csproj", "{6859DDBA-65D1-4BB7-817E-473EE7797AB1}"
EndProject
Global
	GlobalSection(SolutionConfigurationPlatforms) = preSolution
		Debug|Any CPU = Debug|Any CPU
		Release|Any CPU = Release|Any CPU
	EndGlobalSection
	GlobalSection(ProjectConfigurationPlatforms) = postSolution
		{A3666B86-A8C2-4328-B76F-B6C5FE554C8D}.Debug|Any CPU.ActiveCfg = Debug|Any CPU
		{A3666B86-A8C2-4328-B76F-B6C5FE554C8D}.Debug|Any CPU.Build.0 = Debug|Any CPU
		{A3666B86-A8C2-4328-B76F-B6C5FE554C8D}.Release|Any CPU.ActiveCfg = Release|Any CPU
		{A3666B86-A8C2-4328-B76F-B6C5FE554C8D}.Release|Any CPU.Build.0 = Release|Any CPU
		{D036EB82-A725-422D-81C0-5EC4B76AF91D}.Debug|Any CPU.ActiveCfg = Debug|Any CPU
		{D036EB82-A725-422D-81C0-5EC4B76AF91D}.Debug|Any CPU.Build.0 = Debug|Any CPU
		{D036EB82-A725-422D-81C0-5EC4B76AF91D}.Release|Any CPU.ActiveCfg = Release|Any CPU
		{D036EB82-A725-422D-81C0-5EC4B76AF91D}.Release|Any CPU.Build.0 = Release|Any CPU
		{0A94D4A8-BC90-4684-AA6B-7AED11E28A63}.Debug|Any CPU.ActiveCfg = Debug|Any CPU
		{0A94D4A8-BC90-4684-AA6B-7AED11E28A63}.Debug|Any CPU.Build.0 = Debug|Any CPU
		{0A94D4A8-BC90-4684-AA6B-7AED11E28A63}.Release|Any CPU.ActiveCfg = Release|Any CPU
		{0A94D4A8-BC90-4684-AA6B-7AED11E28A63}.Release|Any CPU.Build.0 = Release|Any CPU
		{9ECC5381-57B5-4314-97C2-B80DE5AEBF3C}.Debug|Any CPU.ActiveCfg = Debug|Any CPU
		{9ECC5381-57B5-4314-97C2-B80DE5AEBF3C}.Debug|Any CPU.Build.0 = Debug|Any CPU
		{9ECC5381-57B5-4314-97C2-B80DE5AEBF3C}.Release|Any CPU.ActiveCfg = Release|Any CPU
		{9ECC5381-57B5-4314-97C2-B80DE5AEBF3C}.Release|Any CPU.Build.0 = Release|Any CPU
		{3C4A2301-859C-45E4-9E89-ED8FFD654E83}.Debug|Any CPU.ActiveCfg = Debug|Any CPU
		{3C4A2301-859C-45E4-9E89-ED8FFD654E83}.Debug|Any CPU.Build.0 = Debug|Any CPU
		{3C4A2301-859C-45E4-9E89-ED8FFD654E83}.Release|Any CPU.ActiveCfg = Release|Any CPU
		{3C4A2301-859C-45E4-9E89-ED8FFD654E83}.Release|Any CPU.Build.0 = Release|Any CPU
		{8FED2233-4A1F-412F-A4FA-DD3BA59FB6AF}.Debug|Any CPU.ActiveCfg = Debug|Any CPU
		{8FED2233-4A1F-412F-A4FA-DD3BA59FB6AF}.Debug|Any CPU.Build.0 = Debug|Any CPU
		{8FED2233-4A1F-412F-A4FA-DD3BA59FB6AF}.Release|Any CPU.ActiveCfg = Release|Any CPU
		{8FED2233-4A1F-412F-A4FA-DD3BA59FB6AF}.Release|Any CPU.Build.0 = Release|Any CPU
		{1D4F3E8B-82AE-4D2D-B602-2084A5E9C7B7}.Debug|Any CPU.ActiveCfg = Debug|Any CPU
		{1D4F3E8B-82AE-4D2D-B602-2084A5E9C7B7}.Debug|Any CPU.Build.0 = Debug|Any CPU
		{1D4F3E8B-82AE-4D2D-B602-2084A5E9C7B7}.Release|Any CPU.ActiveCfg = Release|Any CPU
		{1D4F3E8B-82AE-4D2D-B602-2084A5E9C7B7}.Release|Any CPU.Build.0 = Release|Any CPU
		{AF8EC868-24AB-48B7-94A5-319F0FE19502}.Debug|Any CPU.ActiveCfg = Debug|Any CPU
		{AF8EC868-24AB-48B7-94A5-319F0FE19502}.Debug|Any CPU.Build.0 = Debug|Any CPU
		{AF8EC868-24AB-48B7-94A5-319F0FE19502}.Release|Any CPU.ActiveCfg = Release|Any CPU
		{AF8EC868-24AB-48B7-94A5-319F0FE19502}.Release|Any CPU.Build.0 = Release|Any CPU
		{62F39E31-7D3C-4E32-988B-1E5D180917B5}.Debug|Any CPU.ActiveCfg = Debug|Any CPU
		{62F39E31-7D3C-4E32-988B-1E5D180917B5}.Debug|Any CPU.Build.0 = Debug|Any CPU
		{62F39E31-7D3C-4E32-988B-1E5D180917B5}.Release|Any CPU.ActiveCfg = Release|Any CPU
		{62F39E31-7D3C-4E32-988B-1E5D180917B5}.Release|Any CPU.Build.0 = Release|Any CPU
		{5A5683F6-C3BC-4A00-A54A-B20189B5E0B6}.Debug|Any CPU.ActiveCfg = Debug|Any CPU
		{5A5683F6-C3BC-4A00-A54A-B20189B5E0B6}.Debug|Any CPU.Build.0 = Debug|Any CPU
		{5A5683F6-C3BC-4A00-A54A-B20189B5E0B6}.Release|Any CPU.ActiveCfg = Release|Any CPU
		{5A5683F6-C3BC-4A00-A54A-B20189B5E0B6}.Release|Any CPU.Build.0 = Release|Any CPU
		{02351C1A-6445-4080-8179-683628B41756}.Debug|Any CPU.ActiveCfg = Debug|Any CPU
		{02351C1A-6445-4080-8179-683628B41756}.Debug|Any CPU.Build.0 = Debug|Any CPU
		{02351C1A-6445-4080-8179-683628B41756}.Release|Any CPU.ActiveCfg = Release|Any CPU
		{02351C1A-6445-4080-8179-683628B41756}.Release|Any CPU.Build.0 = Release|Any CPU
		{4ED90889-D649-4886-B592-32BFE9F862B8}.Debug|Any CPU.ActiveCfg = Debug|Any CPU
		{4ED90889-D649-4886-B592-32BFE9F862B8}.Debug|Any CPU.Build.0 = Debug|Any CPU
		{4ED90889-D649-4886-B592-32BFE9F862B8}.Release|Any CPU.ActiveCfg = Release|Any CPU
		{4ED90889-D649-4886-B592-32BFE9F862B8}.Release|Any CPU.Build.0 = Release|Any CPU
		{5E0185A5-7AC2-4F0C-8377-1A41F27C9DE3}.Debug|Any CPU.ActiveCfg = Debug|Any CPU
		{5E0185A5-7AC2-4F0C-8377-1A41F27C9DE3}.Debug|Any CPU.Build.0 = Debug|Any CPU
		{5E0185A5-7AC2-4F0C-8377-1A41F27C9DE3}.Release|Any CPU.ActiveCfg = Release|Any CPU
		{5E0185A5-7AC2-4F0C-8377-1A41F27C9DE3}.Release|Any CPU.Build.0 = Release|Any CPU
		{A914BCE6-63BC-4CF2-93B7-675DAE4D87B0}.Debug|Any CPU.ActiveCfg = Debug|Any CPU
		{A914BCE6-63BC-4CF2-93B7-675DAE4D87B0}.Debug|Any CPU.Build.0 = Debug|Any CPU
		{A914BCE6-63BC-4CF2-93B7-675DAE4D87B0}.Release|Any CPU.ActiveCfg = Release|Any CPU
		{A914BCE6-63BC-4CF2-93B7-675DAE4D87B0}.Release|Any CPU.Build.0 = Release|Any CPU
		{364DC248-AF63-47FC-AB29-6274896EE9B8}.Debug|Any CPU.ActiveCfg = Debug|Any CPU
		{364DC248-AF63-47FC-AB29-6274896EE9B8}.Debug|Any CPU.Build.0 = Debug|Any CPU
		{364DC248-AF63-47FC-AB29-6274896EE9B8}.Release|Any CPU.ActiveCfg = Release|Any CPU
		{364DC248-AF63-47FC-AB29-6274896EE9B8}.Release|Any CPU.Build.0 = Release|Any CPU
		{E772B528-8B61-4F96-8074-71AFBBBB97F6}.Debug|Any CPU.ActiveCfg = Debug|Any CPU
		{E772B528-8B61-4F96-8074-71AFBBBB97F6}.Debug|Any CPU.Build.0 = Debug|Any CPU
		{E772B528-8B61-4F96-8074-71AFBBBB97F6}.Release|Any CPU.ActiveCfg = Release|Any CPU
		{E772B528-8B61-4F96-8074-71AFBBBB97F6}.Release|Any CPU.Build.0 = Release|Any CPU
		{6859DDBA-65D1-4BB7-817E-473EE7797AB1}.Debug|Any CPU.ActiveCfg = Debug|Any CPU
		{6859DDBA-65D1-4BB7-817E-473EE7797AB1}.Debug|Any CPU.Build.0 = Debug|Any CPU
		{6859DDBA-65D1-4BB7-817E-473EE7797AB1}.Release|Any CPU.ActiveCfg = Release|Any CPU
		{6859DDBA-65D1-4BB7-817E-473EE7797AB1}.Release|Any CPU.Build.0 = Release|Any CPU
	EndGlobalSection
	GlobalSection(SolutionProperties) = preSolution
		HideSolutionNode = FALSE
	EndGlobalSection
	GlobalSection(ExtensibilityGlobals) = postSolution
		SolutionGuid = {AE0B2759-DFD4-4078-8E83-BEF3611C38C3}
	EndGlobalSection
EndGlobal
