
Microsoft Visual Studio Solution File, Format Version 12.00
# Visual Studio Version 17
VisualStudioVersion = 17.3.32922.545
MinimumVisualStudioVersion = 10.0.40219.1
Project("{9A19103F-16F7-4668-BE54-9A1E7A4F7556}") = "Soft_Serve_Csharp", "Soft_Serve_Csharp\Soft_Serve_Csharp.csproj", "{A3666B86-A8C2-4328-B76F-B6C5FE554C8D}"
EndProject
Project("{9A19103F-16F7-4668-BE54-9A1E7A4F7556}") = "Home_Work_2_EnumStruct", "Home_Work_2_EnumStruct\Home_Work_2_EnumStruct.csproj", "{D036EB82-A725-422D-81C0-5EC4B76AF91D}"
EndProject
Project("{9A19103F-16F7-4668-BE54-9A1E7A4F7556}") = "02_Data_types", "Struct_Enum_02\02_Data_types.csproj", "{0A94D4A8-BC90-4684-AA6B-7AED11E28A63}"
EndProject
Project("{9A19103F-16F7-4668-BE54-9A1E7A4F7556}") = "03_operators", "03_operators\03_operators.csproj", "{9ECC5381-57B5-4314-97C2-B80DE5AEBF3C}"
EndProject
Project("{9A19103F-16F7-4668-BE54-9A1E7A4F7556}") = "05_Struct", "05_Struct\05_Struct.csproj", "{3C4A2301-859C-45E4-9E89-ED8FFD654E83}"
EndProject
Project("{9A19103F-16F7-4668-BE54-9A1E7A4F7556}") = "Home_Work_3", "Home_Work_3\Home_Work_3.csproj", "{8FED2233-4A1F-412F-A4FA-DD3BA59FB6AF}"
EndProject
Project("{9A19103F-16F7-4668-BE54-9A1E7A4F7556}") = "Home_Work_4", "Home_Work_4\Home_Work_4.csproj", "{1D4F3E8B-82AE-4D2D-B602-2084A5E9C7B7}"
EndProject
Project("{9A19103F-16F7-4668-BE54-9A1E7A4F7556}") = "06_Selection", "06_Cicle\06_Selection.csproj", "{AF8EC868-24AB-48B7-94A5-319F0FE19502}"
EndProject
Project("{9A19103F-16F7-4668-BE54-9A1E7A4F7556}") = "07_iteration(loops)", "07_iteration(loops)\07_iteration(loops).csproj", "{62F39E31-7D3C-4E32-988B-1E5D180917B5}"
EndProject
Project("{9A19103F-16F7-4668-BE54-9A1E7A4F7556}") = "08_arrays", "08_arrays\08_arrays.csproj", "{5A5683F6-C3BC-4A00-A54A-B20189B5E0B6}"
EndProject
Project("{9A19103F-16F7-4668-BE54-9A1E7A4F7556}") = "09_multi_dimentions", "09_multi_dimentions\09_multi_dimentions.csproj", "{02351C1A-6445-4080-8179-683628B41756}"
EndProject
Project("{9A19103F-16F7-4668-BE54-9A1E7A4F7556}") = "10_classes", "10_classes\10_classes.csproj", "{4ED90889-D649-4886-B592-32BFE9F862B8}"
EndProject
Project("{9A19103F-16F7-4668-BE54-9A1E7A4F7556}") = "Task4", "Task4\Task4.csproj", "{5E0185A5-7AC2-4F0C-8377-1A41F27C9DE3}"
EndProject
Project("{9A19103F-16F7-4668-BE54-9A1E7A4F7556}") = "Home_Work_5_1", "Home_Work_5\Home_Work_5_1.csproj", "{A914BCE6-63BC-4CF2-93B7-675DAE4D87B0}"
EndProject
Project("{9A19103F-16F7-4668-BE54-9A1E7A4F7556}") = "11_interface", "11_interface\11_interface.csproj", "{364DC248-AF63-47FC-AB29-6274896EE9B8}"
EndProject
Project("{9A19103F-16F7-4668-BE54-9A1E7A4F7556}") = "Task_5_1", "Task_5_1\Task_5_1.csproj", "{E772B528-8B61-4F96-8074-71AFBBBB97F6}"
EndProject
Project("{9A19103F-16F7-4668-BE54-9A1E7A4F7556}") = "12_system_interface", "12_system_interface\12_system_interface.csproj", "{6859DDBA-65D1-4BB7-817E-473EE7797AB1}"
EndProject
Project("{9A19103F-16F7-4668-BE54-9A1E7A4F7556}") = "13_interface_exampl", "13_interface_exampl\13_interface_exampl.csproj", "{FEEE9DA4-9594-4E87-8E2B-BC73B2138004}"
EndProject
Project("{9A19103F-16F7-4668-BE54-9A1E7A4F7556}") = "14_exception", "14_exception\14_exception.csproj", "{44DA1D29-11B9-466D-AB4D-05A1813F3BA4}"
EndProject
Project("{9A19103F-16F7-4668-BE54-9A1E7A4F7556}") = "Home_Work_6", "Home_Work_6\Home_Work_6.csproj", "{89911EF8-6071-4DBB-8D10-C9927745F6F7}"
EndProject
Project("{9A19103F-16F7-4668-BE54-9A1E7A4F7556}") = "15_file_system", "15_file_system\15_file_system.csproj", "{80BB833F-8ED7-4A55-8C6C-F9C31C33C5E6}"
EndProject
Project("{9A19103F-16F7-4668-BE54-9A1E7A4F7556}") = "Home_Work_7", "Home_Work_7\Home_Work_7.csproj", "{DDA5BECC-D142-434D-B3B7-21FD0DACADC4}"
EndProject
Project("{9A19103F-16F7-4668-BE54-9A1E7A4F7556}") = "16_inheritance", "16_inharitance\16_inheritance.csproj", "{427D4F62-3AE1-4818-A7A8-9AEB21B74EC9}"
EndProject
Project("{9A19103F-16F7-4668-BE54-9A1E7A4F7556}") = "Home_Work_8", "Home_Work_8\Home_Work_8.csproj", "{9C3594A3-525E-4805-8B77-91BB491B38A1}"
EndProject
Project("{9A19103F-16F7-4668-BE54-9A1E7A4F7556}") = "Task_8", "Task_8\Task_8.csproj", "{38E0878A-0AAF-4D73-A495-F443C40256E5}"
EndProject
Project("{9A19103F-16F7-4668-BE54-9A1E7A4F7556}") = "17_delegates", "_17_delegates\17_delegates.csproj", "{C24324A0-0890-4692-9742-BBB12B733C44}"
EndProject
Project("{9A19103F-16F7-4668-BE54-9A1E7A4F7556}") = "18_events", "18_events\18_events.csproj", "{63951DBC-FEEC-4528-AAB1-1EE68D048D7F}"
EndProject
Project("{9A19103F-16F7-4668-BE54-9A1E7A4F7556}") = "Home_Work_11", "Home_Work_11\Home_Work_11.csproj", "{40015964-DA89-4D37-8223-A533739B2A3B}"
EndProject
Project("{9A19103F-16F7-4668-BE54-9A1E7A4F7556}") = "19_LINQ", "19_LINQ\19_LINQ.csproj", "{ED3777CD-96E9-4FA1-985D-8B0B715C796C}"
EndProject
Project("{9A19103F-16F7-4668-BE54-9A1E7A4F7556}") = "20_regex", "20_regex\20_regex.csproj", "{7198F793-28E0-4972-AED4-E9D52B172EBF}"
EndProject
Project("{9A19103F-16F7-4668-BE54-9A1E7A4F7556}") = "Task_9", "Task_9\Task_9.csproj", "{E3F934F2-2142-4D54-A78A-2E951368E31B}"
EndProject
Project("{9A19103F-16F7-4668-BE54-9A1E7A4F7556}") = "Home_Work_9", "Home_Work_9\Home_Work_9.csproj", "{888A28C3-44AB-4419-A936-AA03A7309F70}"
EndProject
Project("{FAE04EC0-301F-11D3-BF4B-00C04F79EFBC}") = "Home_Work_9_2", "Home_Work_9_2\Home_Work_9_2.csproj", "{768B22C4-D687-4BD1-8857-FA35BAE5ADF4}"
EndProject
Global
	GlobalSection(SolutionConfigurationPlatforms) = preSolution
		Debug|Any CPU = Debug|Any CPU
		Release|Any CPU = Release|Any CPU
	EndGlobalSection
	GlobalSection(ProjectConfigurationPlatforms) = postSolution
		{A3666B86-A8C2-4328-B76F-B6C5FE554C8D}.Debug|Any CPU.ActiveCfg = Debug|Any CPU
		{A3666B86-A8C2-4328-B76F-B6C5FE554C8D}.Debug|Any CPU.Build.0 = Debug|Any CPU
		{A3666B86-A8C2-4328-B76F-B6C5FE554C8D}.Release|Any CPU.ActiveCfg = Release|Any CPU
		{A3666B86-A8C2-4328-B76F-B6C5FE554C8D}.Release|Any CPU.Build.0 = Release|Any CPU
		{D036EB82-A725-422D-81C0-5EC4B76AF91D}.Debug|Any CPU.ActiveCfg = Debug|Any CPU
		{D036EB82-A725-422D-81C0-5EC4B76AF91D}.Debug|Any CPU.Build.0 = Debug|Any CPU
		{D036EB82-A725-422D-81C0-5EC4B76AF91D}.Release|Any CPU.ActiveCfg = Release|Any CPU
		{D036EB82-A725-422D-81C0-5EC4B76AF91D}.Release|Any CPU.Build.0 = Release|Any CPU
		{0A94D4A8-BC90-4684-AA6B-7AED11E28A63}.Debug|Any CPU.ActiveCfg = Debug|Any CPU
		{0A94D4A8-BC90-4684-AA6B-7AED11E28A63}.Debug|Any CPU.Build.0 = Debug|Any CPU
		{0A94D4A8-BC90-4684-AA6B-7AED11E28A63}.Release|Any CPU.ActiveCfg = Release|Any CPU
		{0A94D4A8-BC90-4684-AA6B-7AED11E28A63}.Release|Any CPU.Build.0 = Release|Any CPU
		{9ECC5381-57B5-4314-97C2-B80DE5AEBF3C}.Debug|Any CPU.ActiveCfg = Debug|Any CPU
		{9ECC5381-57B5-4314-97C2-B80DE5AEBF3C}.Debug|Any CPU.Build.0 = Debug|Any CPU
		{9ECC5381-57B5-4314-97C2-B80DE5AEBF3C}.Release|Any CPU.ActiveCfg = Release|Any CPU
		{9ECC5381-57B5-4314-97C2-B80DE5AEBF3C}.Release|Any CPU.Build.0 = Release|Any CPU
		{3C4A2301-859C-45E4-9E89-ED8FFD654E83}.Debug|Any CPU.ActiveCfg = Debug|Any CPU
		{3C4A2301-859C-45E4-9E89-ED8FFD654E83}.Debug|Any CPU.Build.0 = Debug|Any CPU
		{3C4A2301-859C-45E4-9E89-ED8FFD654E83}.Release|Any CPU.ActiveCfg = Release|Any CPU
		{3C4A2301-859C-45E4-9E89-ED8FFD654E83}.Release|Any CPU.Build.0 = Release|Any CPU
		{8FED2233-4A1F-412F-A4FA-DD3BA59FB6AF}.Debug|Any CPU.ActiveCfg = Debug|Any CPU
		{8FED2233-4A1F-412F-A4FA-DD3BA59FB6AF}.Debug|Any CPU.Build.0 = Debug|Any CPU
		{8FED2233-4A1F-412F-A4FA-DD3BA59FB6AF}.Release|Any CPU.ActiveCfg = Release|Any CPU
		{8FED2233-4A1F-412F-A4FA-DD3BA59FB6AF}.Release|Any CPU.Build.0 = Release|Any CPU
		{1D4F3E8B-82AE-4D2D-B602-2084A5E9C7B7}.Debug|Any CPU.ActiveCfg = Debug|Any CPU
		{1D4F3E8B-82AE-4D2D-B602-2084A5E9C7B7}.Debug|Any CPU.Build.0 = Debug|Any CPU
		{1D4F3E8B-82AE-4D2D-B602-2084A5E9C7B7}.Release|Any CPU.ActiveCfg = Release|Any CPU
		{1D4F3E8B-82AE-4D2D-B602-2084A5E9C7B7}.Release|Any CPU.Build.0 = Release|Any CPU
		{AF8EC868-24AB-48B7-94A5-319F0FE19502}.Debug|Any CPU.ActiveCfg = Debug|Any CPU
		{AF8EC868-24AB-48B7-94A5-319F0FE19502}.Debug|Any CPU.Build.0 = Debug|Any CPU
		{AF8EC868-24AB-48B7-94A5-319F0FE19502}.Release|Any CPU.ActiveCfg = Release|Any CPU
		{AF8EC868-24AB-48B7-94A5-319F0FE19502}.Release|Any CPU.Build.0 = Release|Any CPU
		{62F39E31-7D3C-4E32-988B-1E5D180917B5}.Debug|Any CPU.ActiveCfg = Debug|Any CPU
		{62F39E31-7D3C-4E32-988B-1E5D180917B5}.Debug|Any CPU.Build.0 = Debug|Any CPU
		{62F39E31-7D3C-4E32-988B-1E5D180917B5}.Release|Any CPU.ActiveCfg = Release|Any CPU
		{62F39E31-7D3C-4E32-988B-1E5D180917B5}.Release|Any CPU.Build.0 = Release|Any CPU
		{5A5683F6-C3BC-4A00-A54A-B20189B5E0B6}.Debug|Any CPU.ActiveCfg = Debug|Any CPU
		{5A5683F6-C3BC-4A00-A54A-B20189B5E0B6}.Debug|Any CPU.Build.0 = Debug|Any CPU
		{5A5683F6-C3BC-4A00-A54A-B20189B5E0B6}.Release|Any CPU.ActiveCfg = Release|Any CPU
		{5A5683F6-C3BC-4A00-A54A-B20189B5E0B6}.Release|Any CPU.Build.0 = Release|Any CPU
		{02351C1A-6445-4080-8179-683628B41756}.Debug|Any CPU.ActiveCfg = Debug|Any CPU
		{02351C1A-6445-4080-8179-683628B41756}.Debug|Any CPU.Build.0 = Debug|Any CPU
		{02351C1A-6445-4080-8179-683628B41756}.Release|Any CPU.ActiveCfg = Release|Any CPU
		{02351C1A-6445-4080-8179-683628B41756}.Release|Any CPU.Build.0 = Release|Any CPU
		{4ED90889-D649-4886-B592-32BFE9F862B8}.Debug|Any CPU.ActiveCfg = Debug|Any CPU
		{4ED90889-D649-4886-B592-32BFE9F862B8}.Debug|Any CPU.Build.0 = Debug|Any CPU
		{4ED90889-D649-4886-B592-32BFE9F862B8}.Release|Any CPU.ActiveCfg = Release|Any CPU
		{4ED90889-D649-4886-B592-32BFE9F862B8}.Release|Any CPU.Build.0 = Release|Any CPU
		{5E0185A5-7AC2-4F0C-8377-1A41F27C9DE3}.Debug|Any CPU.ActiveCfg = Debug|Any CPU
		{5E0185A5-7AC2-4F0C-8377-1A41F27C9DE3}.Debug|Any CPU.Build.0 = Debug|Any CPU
		{5E0185A5-7AC2-4F0C-8377-1A41F27C9DE3}.Release|Any CPU.ActiveCfg = Release|Any CPU
		{5E0185A5-7AC2-4F0C-8377-1A41F27C9DE3}.Release|Any CPU.Build.0 = Release|Any CPU
		{A914BCE6-63BC-4CF2-93B7-675DAE4D87B0}.Debug|Any CPU.ActiveCfg = Debug|Any CPU
		{A914BCE6-63BC-4CF2-93B7-675DAE4D87B0}.Debug|Any CPU.Build.0 = Debug|Any CPU
		{A914BCE6-63BC-4CF2-93B7-675DAE4D87B0}.Release|Any CPU.ActiveCfg = Release|Any CPU
		{A914BCE6-63BC-4CF2-93B7-675DAE4D87B0}.Release|Any CPU.Build.0 = Release|Any CPU
		{364DC248-AF63-47FC-AB29-6274896EE9B8}.Debug|Any CPU.ActiveCfg = Debug|Any CPU
		{364DC248-AF63-47FC-AB29-6274896EE9B8}.Debug|Any CPU.Build.0 = Debug|Any CPU
		{364DC248-AF63-47FC-AB29-6274896EE9B8}.Release|Any CPU.ActiveCfg = Release|Any CPU
		{364DC248-AF63-47FC-AB29-6274896EE9B8}.Release|Any CPU.Build.0 = Release|Any CPU
		{E772B528-8B61-4F96-8074-71AFBBBB97F6}.Debug|Any CPU.ActiveCfg = Debug|Any CPU
		{E772B528-8B61-4F96-8074-71AFBBBB97F6}.Debug|Any CPU.Build.0 = Debug|Any CPU
		{E772B528-8B61-4F96-8074-71AFBBBB97F6}.Release|Any CPU.ActiveCfg = Release|Any CPU
		{E772B528-8B61-4F96-8074-71AFBBBB97F6}.Release|Any CPU.Build.0 = Release|Any CPU
		{6859DDBA-65D1-4BB7-817E-473EE7797AB1}.Debug|Any CPU.ActiveCfg = Debug|Any CPU
		{6859DDBA-65D1-4BB7-817E-473EE7797AB1}.Debug|Any CPU.Build.0 = Debug|Any CPU
		{6859DDBA-65D1-4BB7-817E-473EE7797AB1}.Release|Any CPU.ActiveCfg = Release|Any CPU
		{6859DDBA-65D1-4BB7-817E-473EE7797AB1}.Release|Any CPU.Build.0 = Release|Any CPU
		{FEEE9DA4-9594-4E87-8E2B-BC73B2138004}.Debug|Any CPU.ActiveCfg = Debug|Any CPU
		{FEEE9DA4-9594-4E87-8E2B-BC73B2138004}.Debug|Any CPU.Build.0 = Debug|Any CPU
		{FEEE9DA4-9594-4E87-8E2B-BC73B2138004}.Release|Any CPU.ActiveCfg = Release|Any CPU
		{FEEE9DA4-9594-4E87-8E2B-BC73B2138004}.Release|Any CPU.Build.0 = Release|Any CPU
		{44DA1D29-11B9-466D-AB4D-05A1813F3BA4}.Debug|Any CPU.ActiveCfg = Debug|Any CPU
		{44DA1D29-11B9-466D-AB4D-05A1813F3BA4}.Debug|Any CPU.Build.0 = Debug|Any CPU
		{44DA1D29-11B9-466D-AB4D-05A1813F3BA4}.Release|Any CPU.ActiveCfg = Release|Any CPU
		{44DA1D29-11B9-466D-AB4D-05A1813F3BA4}.Release|Any CPU.Build.0 = Release|Any CPU
		{89911EF8-6071-4DBB-8D10-C9927745F6F7}.Debug|Any CPU.ActiveCfg = Debug|Any CPU
		{89911EF8-6071-4DBB-8D10-C9927745F6F7}.Debug|Any CPU.Build.0 = Debug|Any CPU
		{89911EF8-6071-4DBB-8D10-C9927745F6F7}.Release|Any CPU.ActiveCfg = Release|Any CPU
		{89911EF8-6071-4DBB-8D10-C9927745F6F7}.Release|Any CPU.Build.0 = Release|Any CPU
		{80BB833F-8ED7-4A55-8C6C-F9C31C33C5E6}.Debug|Any CPU.ActiveCfg = Debug|Any CPU
		{80BB833F-8ED7-4A55-8C6C-F9C31C33C5E6}.Debug|Any CPU.Build.0 = Debug|Any CPU
		{80BB833F-8ED7-4A55-8C6C-F9C31C33C5E6}.Release|Any CPU.ActiveCfg = Release|Any CPU
		{80BB833F-8ED7-4A55-8C6C-F9C31C33C5E6}.Release|Any CPU.Build.0 = Release|Any CPU
		{DDA5BECC-D142-434D-B3B7-21FD0DACADC4}.Debug|Any CPU.ActiveCfg = Debug|Any CPU
		{DDA5BECC-D142-434D-B3B7-21FD0DACADC4}.Debug|Any CPU.Build.0 = Debug|Any CPU
		{DDA5BECC-D142-434D-B3B7-21FD0DACADC4}.Release|Any CPU.ActiveCfg = Release|Any CPU
		{DDA5BECC-D142-434D-B3B7-21FD0DACADC4}.Release|Any CPU.Build.0 = Release|Any CPU
		{427D4F62-3AE1-4818-A7A8-9AEB21B74EC9}.Debug|Any CPU.ActiveCfg = Debug|Any CPU
		{427D4F62-3AE1-4818-A7A8-9AEB21B74EC9}.Debug|Any CPU.Build.0 = Debug|Any CPU
		{427D4F62-3AE1-4818-A7A8-9AEB21B74EC9}.Release|Any CPU.ActiveCfg = Release|Any CPU
		{427D4F62-3AE1-4818-A7A8-9AEB21B74EC9}.Release|Any CPU.Build.0 = Release|Any CPU
		{9C3594A3-525E-4805-8B77-91BB491B38A1}.Debug|Any CPU.ActiveCfg = Debug|Any CPU
		{9C3594A3-525E-4805-8B77-91BB491B38A1}.Debug|Any CPU.Build.0 = Debug|Any CPU
		{9C3594A3-525E-4805-8B77-91BB491B38A1}.Release|Any CPU.ActiveCfg = Release|Any CPU
		{9C3594A3-525E-4805-8B77-91BB491B38A1}.Release|Any CPU.Build.0 = Release|Any CPU
		{38E0878A-0AAF-4D73-A495-F443C40256E5}.Debug|Any CPU.ActiveCfg = Debug|Any CPU
		{38E0878A-0AAF-4D73-A495-F443C40256E5}.Debug|Any CPU.Build.0 = Debug|Any CPU
		{38E0878A-0AAF-4D73-A495-F443C40256E5}.Release|Any CPU.ActiveCfg = Release|Any CPU
		{38E0878A-0AAF-4D73-A495-F443C40256E5}.Release|Any CPU.Build.0 = Release|Any CPU
		{C24324A0-0890-4692-9742-BBB12B733C44}.Debug|Any CPU.ActiveCfg = Debug|Any CPU
		{C24324A0-0890-4692-9742-BBB12B733C44}.Debug|Any CPU.Build.0 = Debug|Any CPU
		{C24324A0-0890-4692-9742-BBB12B733C44}.Release|Any CPU.ActiveCfg = Release|Any CPU
		{C24324A0-0890-4692-9742-BBB12B733C44}.Release|Any CPU.Build.0 = Release|Any CPU
		{63951DBC-FEEC-4528-AAB1-1EE68D048D7F}.Debug|Any CPU.ActiveCfg = Debug|Any CPU
		{63951DBC-FEEC-4528-AAB1-1EE68D048D7F}.Debug|Any CPU.Build.0 = Debug|Any CPU
		{63951DBC-FEEC-4528-AAB1-1EE68D048D7F}.Release|Any CPU.ActiveCfg = Release|Any CPU
		{63951DBC-FEEC-4528-AAB1-1EE68D048D7F}.Release|Any CPU.Build.0 = Release|Any CPU
		{40015964-DA89-4D37-8223-A533739B2A3B}.Debug|Any CPU.ActiveCfg = Debug|Any CPU
		{40015964-DA89-4D37-8223-A533739B2A3B}.Debug|Any CPU.Build.0 = Debug|Any CPU
		{40015964-DA89-4D37-8223-A533739B2A3B}.Release|Any CPU.ActiveCfg = Release|Any CPU
		{40015964-DA89-4D37-8223-A533739B2A3B}.Release|Any CPU.Build.0 = Release|Any CPU
		{ED3777CD-96E9-4FA1-985D-8B0B715C796C}.Debug|Any CPU.ActiveCfg = Debug|Any CPU
		{ED3777CD-96E9-4FA1-985D-8B0B715C796C}.Debug|Any CPU.Build.0 = Debug|Any CPU
		{ED3777CD-96E9-4FA1-985D-8B0B715C796C}.Release|Any CPU.ActiveCfg = Release|Any CPU
		{ED3777CD-96E9-4FA1-985D-8B0B715C796C}.Release|Any CPU.Build.0 = Release|Any CPU
		{7198F793-28E0-4972-AED4-E9D52B172EBF}.Debug|Any CPU.ActiveCfg = Debug|Any CPU
		{7198F793-28E0-4972-AED4-E9D52B172EBF}.Debug|Any CPU.Build.0 = Debug|Any CPU
		{7198F793-28E0-4972-AED4-E9D52B172EBF}.Release|Any CPU.ActiveCfg = Release|Any CPU
		{7198F793-28E0-4972-AED4-E9D52B172EBF}.Release|Any CPU.Build.0 = Release|Any CPU
		{E3F934F2-2142-4D54-A78A-2E951368E31B}.Debug|Any CPU.ActiveCfg = Debug|Any CPU
		{E3F934F2-2142-4D54-A78A-2E951368E31B}.Debug|Any CPU.Build.0 = Debug|Any CPU
		{E3F934F2-2142-4D54-A78A-2E951368E31B}.Release|Any CPU.ActiveCfg = Release|Any CPU
		{E3F934F2-2142-4D54-A78A-2E951368E31B}.Release|Any CPU.Build.0 = Release|Any CPU
		{888A28C3-44AB-4419-A936-AA03A7309F70}.Debug|Any CPU.ActiveCfg = Debug|Any CPU
		{888A28C3-44AB-4419-A936-AA03A7309F70}.Debug|Any CPU.Build.0 = Debug|Any CPU
		{888A28C3-44AB-4419-A936-AA03A7309F70}.Release|Any CPU.ActiveCfg = Release|Any CPU
		{888A28C3-44AB-4419-A936-AA03A7309F70}.Release|Any CPU.Build.0 = Release|Any CPU
		{768B22C4-D687-4BD1-8857-FA35BAE5ADF4}.Debug|Any CPU.ActiveCfg = Debug|Any CPU
		{768B22C4-D687-4BD1-8857-FA35BAE5ADF4}.Debug|Any CPU.Build.0 = Debug|Any CPU
		{768B22C4-D687-4BD1-8857-FA35BAE5ADF4}.Release|Any CPU.ActiveCfg = Release|Any CPU
		{768B22C4-D687-4BD1-8857-FA35BAE5ADF4}.Release|Any CPU.Build.0 = Release|Any CPU
	EndGlobalSection
	GlobalSection(SolutionProperties) = preSolution
		HideSolutionNode = FALSE
	EndGlobalSection
	GlobalSection(ExtensibilityGlobals) = postSolution
		SolutionGuid = {AE0B2759-DFD4-4078-8E83-BEF3611C38C3}
	EndGlobalSection
EndGlobal
